
Microsoft Visual Studio Solution File, Format Version 12.00
# Visual Studio Version 17
VisualStudioVersion = 17.5.33414.496
MinimumVisualStudioVersion = 10.0.40219.1
Project("{9A19103F-16F7-4668-BE54-9A1E7A4F7556}") = "OmmelSamvirke.API", "Src\OmmelSamvirke.API\OmmelSamvirke.API.csproj", "{33993785-406D-4D23-A6A0-30ACCFE55115}"
EndProject
Project("{9A19103F-16F7-4668-BE54-9A1E7A4F7556}") = "OmmelSamvirke.Application", "Src\OmmelSamvirke.Application\OmmelSamvirke.Application.csproj", "{7D4E2647-437A-4C2F-9DC9-A7AE3AD35426}"
EndProject
Project("{9A19103F-16F7-4668-BE54-9A1E7A4F7556}") = "OmmelSamvirke.Application.UnitTests", "Tests\OmmelSamvirke.Application.UnitTests\OmmelSamvirke.Application.UnitTests.csproj", "{347914A2-8A15-4FF4-A74E-E4A5F3549A65}"
EndProject
Project("{9A19103F-16F7-4668-BE54-9A1E7A4F7556}") = "OmmelSamvirke.Domain", "Src\OmmelSamvirke.Domain\OmmelSamvirke.Domain.csproj", "{11904FD4-6145-44E8-814D-4E1A1359F51B}"
EndProject
Project("{9A19103F-16F7-4668-BE54-9A1E7A4F7556}") = "OmmelSamvirke.Infrastructure", "Src\OmmelSamvirke.Infrastructure\OmmelSamvirke.Infrastructure.csproj", "{43C196E5-239C-4263-A8E3-3D0F09D7077D}"
EndProject
Project("{9A19103F-16F7-4668-BE54-9A1E7A4F7556}") = "OmmelSamvirke.Persistence", "Src\OmmelSamvirke.Persistence\OmmelSamvirke.Persistence.csproj", "{B2754106-5BD3-4FC9-A4EA-8E0ABE35F28D}"
EndProject
Project("{9A19103F-16F7-4668-BE54-9A1E7A4F7556}") = "OmmelSamvirke.Persistence.IntegrationTests", "Tests\OmmelSamvirke.Persistence.IntegrationTests\OmmelSamvirke.Persistence.IntegrationTests.csproj", "{BD42BAF6-2388-481A-9FB5-41B07E38E21B}"
EndProject
Project("{9A19103F-16F7-4668-BE54-9A1E7A4F7556}") = "OmmelSamvirke.Domain.UnitTests", "Tests\OmmelSamvirke.Domain.UnitTests\OmmelSamvirke.Domain.UnitTests.csproj", "{816D2C1A-FBEA-4EF6-A92B-2129434CD737}"
EndProject
Project("{9A19103F-16F7-4668-BE54-9A1E7A4F7556}") = "OmmelSamvirke.API.IntegrationTests", "Tests\OmmelSamvirke.API.IntegrationTests\OmmelSamvirke.API.IntegrationTests.csproj", "{8A7A9009-E475-400D-8BC4-E247000D8CD6}"
EndProject
Project("{9A19103F-16F7-4668-BE54-9A1E7A4F7556}") = "OmmelSamvirke.TestUtilities", "Tests\OmmelSamvirke.TestUtilities\OmmelSamvirke.TestUtilities.csproj", "{C177E77D-1B0E-4494-B651-42E8067F34ED}"
EndProject
Project("{FAE04EC0-301F-11D3-BF4B-00C04F79EFBC}") = "OmmelSamvirke.Web", "Src\OmmelSamvirke.Web\OmmelSamvirke.Web.csproj", "{3AF7302E-84D8-47C6-9045-FB0AA13991D7}"
EndProject
Global
	GlobalSection(SolutionConfigurationPlatforms) = preSolution
		Debug|Any CPU = Debug|Any CPU
		Release|Any CPU = Release|Any CPU
	EndGlobalSection
	GlobalSection(ProjectConfigurationPlatforms) = postSolution
		{33993785-406D-4D23-A6A0-30ACCFE55115}.Debug|Any CPU.ActiveCfg = Debug|Any CPU
		{33993785-406D-4D23-A6A0-30ACCFE55115}.Debug|Any CPU.Build.0 = Debug|Any CPU
		{33993785-406D-4D23-A6A0-30ACCFE55115}.Release|Any CPU.ActiveCfg = Release|Any CPU
		{33993785-406D-4D23-A6A0-30ACCFE55115}.Release|Any CPU.Build.0 = Release|Any CPU
		{7D4E2647-437A-4C2F-9DC9-A7AE3AD35426}.Debug|Any CPU.ActiveCfg = Debug|Any CPU
		{7D4E2647-437A-4C2F-9DC9-A7AE3AD35426}.Debug|Any CPU.Build.0 = Debug|Any CPU
		{7D4E2647-437A-4C2F-9DC9-A7AE3AD35426}.Release|Any CPU.ActiveCfg = Release|Any CPU
		{7D4E2647-437A-4C2F-9DC9-A7AE3AD35426}.Release|Any CPU.Build.0 = Release|Any CPU
		{347914A2-8A15-4FF4-A74E-E4A5F3549A65}.Debug|Any CPU.ActiveCfg = Debug|Any CPU
		{347914A2-8A15-4FF4-A74E-E4A5F3549A65}.Debug|Any CPU.Build.0 = Debug|Any CPU
		{347914A2-8A15-4FF4-A74E-E4A5F3549A65}.Release|Any CPU.ActiveCfg = Release|Any CPU
		{347914A2-8A15-4FF4-A74E-E4A5F3549A65}.Release|Any CPU.Build.0 = Release|Any CPU
		{11904FD4-6145-44E8-814D-4E1A1359F51B}.Debug|Any CPU.ActiveCfg = Debug|Any CPU
		{11904FD4-6145-44E8-814D-4E1A1359F51B}.Debug|Any CPU.Build.0 = Debug|Any CPU
		{11904FD4-6145-44E8-814D-4E1A1359F51B}.Release|Any CPU.ActiveCfg = Release|Any CPU
		{11904FD4-6145-44E8-814D-4E1A1359F51B}.Release|Any CPU.Build.0 = Release|Any CPU
		{43C196E5-239C-4263-A8E3-3D0F09D7077D}.Debug|Any CPU.ActiveCfg = Debug|Any CPU
		{43C196E5-239C-4263-A8E3-3D0F09D7077D}.Debug|Any CPU.Build.0 = Debug|Any CPU
		{43C196E5-239C-4263-A8E3-3D0F09D7077D}.Release|Any CPU.ActiveCfg = Release|Any CPU
		{43C196E5-239C-4263-A8E3-3D0F09D7077D}.Release|Any CPU.Build.0 = Release|Any CPU
		{B2754106-5BD3-4FC9-A4EA-8E0ABE35F28D}.Debug|Any CPU.ActiveCfg = Debug|Any CPU
		{B2754106-5BD3-4FC9-A4EA-8E0ABE35F28D}.Debug|Any CPU.Build.0 = Debug|Any CPU
		{B2754106-5BD3-4FC9-A4EA-8E0ABE35F28D}.Release|Any CPU.ActiveCfg = Release|Any CPU
		{B2754106-5BD3-4FC9-A4EA-8E0ABE35F28D}.Release|Any CPU.Build.0 = Release|Any CPU
		{BD42BAF6-2388-481A-9FB5-41B07E38E21B}.Debug|Any CPU.ActiveCfg = Debug|Any CPU
		{BD42BAF6-2388-481A-9FB5-41B07E38E21B}.Debug|Any CPU.Build.0 = Debug|Any CPU
		{BD42BAF6-2388-481A-9FB5-41B07E38E21B}.Release|Any CPU.ActiveCfg = Release|Any CPU
		{BD42BAF6-2388-481A-9FB5-41B07E38E21B}.Release|Any CPU.Build.0 = Release|Any CPU
		{816D2C1A-FBEA-4EF6-A92B-2129434CD737}.Debug|Any CPU.ActiveCfg = Debug|Any CPU
		{816D2C1A-FBEA-4EF6-A92B-2129434CD737}.Debug|Any CPU.Build.0 = Debug|Any CPU
		{816D2C1A-FBEA-4EF6-A92B-2129434CD737}.Release|Any CPU.ActiveCfg = Release|Any CPU
		{816D2C1A-FBEA-4EF6-A92B-2129434CD737}.Release|Any CPU.Build.0 = Release|Any CPU
		{8A7A9009-E475-400D-8BC4-E247000D8CD6}.Debug|Any CPU.ActiveCfg = Debug|Any CPU
		{8A7A9009-E475-400D-8BC4-E247000D8CD6}.Debug|Any CPU.Build.0 = Debug|Any CPU
		{8A7A9009-E475-400D-8BC4-E247000D8CD6}.Release|Any CPU.ActiveCfg = Release|Any CPU
		{8A7A9009-E475-400D-8BC4-E247000D8CD6}.Release|Any CPU.Build.0 = Release|Any CPU
		{C177E77D-1B0E-4494-B651-42E8067F34ED}.Debug|Any CPU.ActiveCfg = Debug|Any CPU
		{C177E77D-1B0E-4494-B651-42E8067F34ED}.Debug|Any CPU.Build.0 = Debug|Any CPU
		{C177E77D-1B0E-4494-B651-42E8067F34ED}.Release|Any CPU.ActiveCfg = Release|Any CPU
		{C177E77D-1B0E-4494-B651-42E8067F34ED}.Release|Any CPU.Build.0 = Release|Any CPU
		{3AF7302E-84D8-47C6-9045-FB0AA13991D7}.Debug|Any CPU.ActiveCfg = Debug|Any CPU
		{3AF7302E-84D8-47C6-9045-FB0AA13991D7}.Debug|Any CPU.Build.0 = Debug|Any CPU
		{3AF7302E-84D8-47C6-9045-FB0AA13991D7}.Release|Any CPU.ActiveCfg = Release|Any CPU
		{3AF7302E-84D8-47C6-9045-FB0AA13991D7}.Release|Any CPU.Build.0 = Release|Any CPU
	EndGlobalSection
	GlobalSection(SolutionProperties) = preSolution
		HideSolutionNode = FALSE
	EndGlobalSection
	GlobalSection(ExtensibilityGlobals) = postSolution
		SolutionGuid = {30C98A19-663B-46ED-862D-F5CBACC4328A}
	EndGlobalSection
EndGlobal
